{
  "requires": true,
  "lockfileVersion": 1,
  "dependencies": {
    "vue-slider-component": {
      "version": "2.7.5",
      "resolved": "https://registry.npmjs.org/vue-slider-component/-/vue-slider-component-2.7.5.tgz",
      "integrity": "sha512-9pYZxCD6jasawaeUa89LOSC1sZwq3ggqI1kQfgZZpTNn7PufdDlEroCLvEdY5X3J6NZ+Xv7NA9lq+imcnwoWKQ=="
    }
  }
}
